
Microsoft Visual Studio Solution File, Format Version 12.00
# Visual Studio Version 17
VisualStudioVersion = 17.6.33829.357
MinimumVisualStudioVersion = 10.0.40219.1
Project("{FAE04EC0-301F-11D3-BF4B-00C04F79EFBC}") = "safinatul_dekstop", "safinatul_dekstop\safinatul_dekstop.csproj", "{04E8FFA2-A58F-465B-9C3C-0D664E99F169}"
EndProject
Global
	GlobalSection(SolutionConfigurationPlatforms) = preSolution
		Debug|Any CPU = Debug|Any CPU
		Release|Any CPU = Release|Any CPU
	EndGlobalSection
	GlobalSection(ProjectConfigurationPlatforms) = postSolution
		{04E8FFA2-A58F-465B-9C3C-0D664E99F169}.Debug|Any CPU.ActiveCfg = Debug|Any CPU
		{04E8FFA2-A58F-465B-9C3C-0D664E99F169}.Debug|Any CPU.Build.0 = Debug|Any CPU
		{04E8FFA2-A58F-465B-9C3C-0D664E99F169}.Release|Any CPU.ActiveCfg = Release|Any CPU
		{04E8FFA2-A58F-465B-9C3C-0D664E99F169}.Release|Any CPU.Build.0 = Release|Any CPU
	EndGlobalSection
	GlobalSection(SolutionProperties) = preSolution
		HideSolutionNode = FALSE
	EndGlobalSection
	GlobalSection(ExtensibilityGlobals) = postSolution
		SolutionGuid = {824735FD-C849-4A93-9592-DF065BFD6ADB}
	EndGlobalSection
EndGlobal
